PODS:
  - Charts (2.2.5):
    - Charts/Core (= 2.2.5)
  - Charts/Core (2.2.5)

DEPENDENCIES:
  - Charts (from `https://github.com/danielgindi/Charts/`, branch `Swift-3.0`)

EXTERNAL SOURCES:
  Charts:
    :branch: Swift-3.0
    :git: https://github.com/danielgindi/Charts/

CHECKOUT OPTIONS:
  Charts:
    :commit: ce4e1809f521850548f5c78622908d02f0869c1d
    :git: https://github.com/danielgindi/Charts/

SPEC CHECKSUMS:
  Charts: b48fcc8d7190de910ff9e9748f5360c8ea7856e5

PODFILE CHECKSUM: 0e39b01249d6462274fc88aa3241cc44aeb681d1

COCOAPODS: 1.0.0
